
Microsoft Visual Studio Solution File, Format Version 12.00
# Visual Studio Version 16
VisualStudioVersion = 25.0.1705.3
MinimumVisualStudioVersion = 10.0.40219.1
Project("{FAE04EC0-301F-11D3-BF4B-00C04F79EFBC}") = "App-Service", "App-Service\App-Service.csproj", "{B5943286-93E9-4EE7-BFF9-20521A3EEBB1}"
EndProject
Global
	GlobalSection(SolutionConfigurationPlatforms) = preSolution
		Debug|Any CPU = Debug|Any CPU
		Release|Any CPU = Release|Any CPU
	EndGlobalSection
	GlobalSection(ProjectConfigurationPlatforms) = postSolution
		{B5943286-93E9-4EE7-BFF9-20521A3EEBB1}.Debug|Any CPU.ActiveCfg = Debug|Any CPU
		{B5943286-93E9-4EE7-BFF9-20521A3EEBB1}.Debug|Any CPU.Build.0 = Debug|Any CPU
		{B5943286-93E9-4EE7-BFF9-20521A3EEBB1}.Release|Any CPU.ActiveCfg = Release|Any CPU
		{B5943286-93E9-4EE7-BFF9-20521A3EEBB1}.Release|Any CPU.Build.0 = Release|Any CPU
	EndGlobalSection
	GlobalSection(SolutionProperties) = preSolution
		HideSolutionNode = FALSE
	EndGlobalSection
	GlobalSection(ExtensibilityGlobals) = postSolution
		SolutionGuid = {7EF84D79-CD7F-45D2-AE19-36E3943D6E3C}
	EndGlobalSection
EndGlobal
